
Microsoft Visual Studio Solution File, Format Version 12.00
# Visual Studio 2013
VisualStudioVersion = 12.0.30501.0
MinimumVisualStudioVersion = 10.0.40219.1
Project("{FAE04EC0-301F-11D3-BF4B-00C04F79EFBC}") = "EM.Model", "EM.Model\EM.Model.csproj", "{7F7B1A38-F0ED-4F4F-8EA2-BD34A760F5F3}"
EndProject
Project("{FAE04EC0-301F-11D3-BF4B-00C04F79EFBC}") = "EM.Web.Core", "EM.Web.Core\EM.Web.Core.csproj", "{5F19CEDF-FE95-473D-9206-F7AD64537AFA}"
EndProject
Project("{2150E333-8FDC-42A3-9474-1A3956D46DE8}") = "Presentation", "Presentation", "{EFA79162-FC82-46EC-85B1-DB34B986F002}"
EndProject
Project("{FAE04EC0-301F-11D3-BF4B-00C04F79EFBC}") = "EM.Common", "EM.Common\EM.Common.csproj", "{B3FCB199-48A0-4AAA-8539-548111BD8B43}"
EndProject
Project("{FAE04EC0-301F-11D3-BF4B-00C04F79EFBC}") = "EM.Data", "EM.Data\EM.Data.csproj", "{832AB184-AC43-4B01-84BF-64BCFDD055F2}"
EndProject
Project("{FAE04EC0-301F-11D3-BF4B-00C04F79EFBC}") = "EM.Web", "EM.Web\EM.Web.csproj", "{AC4698DC-33CB-4242-AFAD-6C1F0E4EF4EA}"
EndProject
Project("{2150E333-8FDC-42A3-9474-1A3956D46DE8}") = "Tools", "Tools", "{FB4C8BB5-1A4C-4C09-B22A-BF224B594A8B}"
EndProject
Project("{FAE04EC0-301F-11D3-BF4B-00C04F79EFBC}") = "RegisterTool", "RegisterTool\RegisterTool.csproj", "{AB1F7353-BB6E-498B-84BE-F31AA91B6F59}"
EndProject
Project("{FAE04EC0-301F-11D3-BF4B-00C04F79EFBC}") = "EM.Utils", "EM.Utils\EM.Utils.csproj", "{CA1D21BD-AA64-4045-8EF1-1791220BF0A0}"
EndProject
Global
	GlobalSection(SolutionConfigurationPlatforms) = preSolution
		Debug|Any CPU = Debug|Any CPU
		Release|Any CPU = Release|Any CPU
		Test|Any CPU = Test|Any CPU
	EndGlobalSection
	GlobalSection(ProjectConfigurationPlatforms) = postSolution
		{7F7B1A38-F0ED-4F4F-8EA2-BD34A760F5F3}.Debug|Any CPU.ActiveCfg = Debug|Any CPU
		{7F7B1A38-F0ED-4F4F-8EA2-BD34A760F5F3}.Debug|Any CPU.Build.0 = Debug|Any CPU
		{7F7B1A38-F0ED-4F4F-8EA2-BD34A760F5F3}.Release|Any CPU.ActiveCfg = Release|Any CPU
		{7F7B1A38-F0ED-4F4F-8EA2-BD34A760F5F3}.Release|Any CPU.Build.0 = Release|Any CPU
		{7F7B1A38-F0ED-4F4F-8EA2-BD34A760F5F3}.Test|Any CPU.ActiveCfg = Release|Any CPU
		{7F7B1A38-F0ED-4F4F-8EA2-BD34A760F5F3}.Test|Any CPU.Build.0 = Release|Any CPU
		{5F19CEDF-FE95-473D-9206-F7AD64537AFA}.Debug|Any CPU.ActiveCfg = Debug|Any CPU
		{5F19CEDF-FE95-473D-9206-F7AD64537AFA}.Debug|Any CPU.Build.0 = Debug|Any CPU
		{5F19CEDF-FE95-473D-9206-F7AD64537AFA}.Release|Any CPU.ActiveCfg = Release|Any CPU
		{5F19CEDF-FE95-473D-9206-F7AD64537AFA}.Release|Any CPU.Build.0 = Release|Any CPU
		{5F19CEDF-FE95-473D-9206-F7AD64537AFA}.Test|Any CPU.ActiveCfg = Release|Any CPU
		{5F19CEDF-FE95-473D-9206-F7AD64537AFA}.Test|Any CPU.Build.0 = Release|Any CPU
		{B3FCB199-48A0-4AAA-8539-548111BD8B43}.Debug|Any CPU.ActiveCfg = Debug|Any CPU
		{B3FCB199-48A0-4AAA-8539-548111BD8B43}.Debug|Any CPU.Build.0 = Debug|Any CPU
		{B3FCB199-48A0-4AAA-8539-548111BD8B43}.Release|Any CPU.ActiveCfg = Release|Any CPU
		{B3FCB199-48A0-4AAA-8539-548111BD8B43}.Release|Any CPU.Build.0 = Release|Any CPU
		{B3FCB199-48A0-4AAA-8539-548111BD8B43}.Test|Any CPU.ActiveCfg = Test|Any CPU
		{B3FCB199-48A0-4AAA-8539-548111BD8B43}.Test|Any CPU.Build.0 = Test|Any CPU
		{832AB184-AC43-4B01-84BF-64BCFDD055F2}.Debug|Any CPU.ActiveCfg = Debug|Any CPU
		{832AB184-AC43-4B01-84BF-64BCFDD055F2}.Debug|Any CPU.Build.0 = Debug|Any CPU
		{832AB184-AC43-4B01-84BF-64BCFDD055F2}.Release|Any CPU.ActiveCfg = Release|Any CPU
		{832AB184-AC43-4B01-84BF-64BCFDD055F2}.Release|Any CPU.Build.0 = Release|Any CPU
		{832AB184-AC43-4B01-84BF-64BCFDD055F2}.Test|Any CPU.ActiveCfg = Test|Any CPU
		{832AB184-AC43-4B01-84BF-64BCFDD055F2}.Test|Any CPU.Build.0 = Test|Any CPU
		{AC4698DC-33CB-4242-AFAD-6C1F0E4EF4EA}.Debug|Any CPU.ActiveCfg = Debug|Any CPU
		{AC4698DC-33CB-4242-AFAD-6C1F0E4EF4EA}.Debug|Any CPU.Build.0 = Debug|Any CPU
		{AC4698DC-33CB-4242-AFAD-6C1F0E4EF4EA}.Release|Any CPU.ActiveCfg = Release|Any CPU
		{AC4698DC-33CB-4242-AFAD-6C1F0E4EF4EA}.Release|Any CPU.Build.0 = Release|Any CPU
		{AC4698DC-33CB-4242-AFAD-6C1F0E4EF4EA}.Test|Any CPU.ActiveCfg = Release|Any CPU
		{AC4698DC-33CB-4242-AFAD-6C1F0E4EF4EA}.Test|Any CPU.Build.0 = Release|Any CPU
		{AB1F7353-BB6E-498B-84BE-F31AA91B6F59}.Debug|Any CPU.ActiveCfg = Debug|Any CPU
		{AB1F7353-BB6E-498B-84BE-F31AA91B6F59}.Debug|Any CPU.Build.0 = Debug|Any CPU
		{AB1F7353-BB6E-498B-84BE-F31AA91B6F59}.Release|Any CPU.ActiveCfg = Release|Any CPU
		{AB1F7353-BB6E-498B-84BE-F31AA91B6F59}.Release|Any CPU.Build.0 = Release|Any CPU
		{AB1F7353-BB6E-498B-84BE-F31AA91B6F59}.Test|Any CPU.ActiveCfg = Release|Any CPU
		{AB1F7353-BB6E-498B-84BE-F31AA91B6F59}.Test|Any CPU.Build.0 = Release|Any CPU
		{CA1D21BD-AA64-4045-8EF1-1791220BF0A0}.Debug|Any CPU.ActiveCfg = Debug|Any CPU
		{CA1D21BD-AA64-4045-8EF1-1791220BF0A0}.Debug|Any CPU.Build.0 = Debug|Any CPU
		{CA1D21BD-AA64-4045-8EF1-1791220BF0A0}.Release|Any CPU.ActiveCfg = Release|Any CPU
		{CA1D21BD-AA64-4045-8EF1-1791220BF0A0}.Release|Any CPU.Build.0 = Release|Any CPU
		{CA1D21BD-AA64-4045-8EF1-1791220BF0A0}.Test|Any CPU.ActiveCfg = Release|Any CPU
		{CA1D21BD-AA64-4045-8EF1-1791220BF0A0}.Test|Any CPU.Build.0 = Release|Any CPU
	EndGlobalSection
	GlobalSection(SolutionProperties) = preSolution
		HideSolutionNode = FALSE
	EndGlobalSection
	GlobalSection(NestedProjects) = preSolution
		{5F19CEDF-FE95-473D-9206-F7AD64537AFA} = {EFA79162-FC82-46EC-85B1-DB34B986F002}
		{AC4698DC-33CB-4242-AFAD-6C1F0E4EF4EA} = {EFA79162-FC82-46EC-85B1-DB34B986F002}
		{AB1F7353-BB6E-498B-84BE-F31AA91B6F59} = {FB4C8BB5-1A4C-4C09-B22A-BF224B594A8B}
	EndGlobalSection
EndGlobal
