
Microsoft Visual Studio Solution File, Format Version 12.00
# Visual Studio 2013
VisualStudioVersion = 12.0.30501.0
MinimumVisualStudioVersion = 10.0.40219.1
Project("{FAE04EC0-301F-11D3-BF4B-00C04F79EFBC}") = "EM.Model", "EM.Model\EM.Model.csproj", "{7F7B1A38-F0ED-4F4F-8EA2-BD34A760F5F3}"
EndProject
Project("{FAE04EC0-301F-11D3-BF4B-00C04F79EFBC}") = "EM.Web.Core", "EM.Web.Core\EM.Web.Core.csproj", "{5F19CEDF-FE95-473D-9206-F7AD64537AFA}"
EndProject
Project("{2150E333-8FDC-42A3-9474-1A3956D46DE8}") = "Presentation", "Presentation", "{EFA79162-FC82-46EC-85B1-DB34B986F002}"
EndProject
Project("{FAE04EC0-301F-11D3-BF4B-00C04F79EFBC}") = "EM.Common", "EM.Common\EM.Common.csproj", "{B3FCB199-48A0-4AAA-8539-548111BD8B43}"
EndProject
Project("{FAE04EC0-301F-11D3-BF4B-00C04F79EFBC}") = "EM.Data", "EM.Data\EM.Data.csproj", "{832AB184-AC43-4B01-84BF-64BCFDD055F2}"
EndProject
Project("{FAE04EC0-301F-11D3-BF4B-00C04F79EFBC}") = "EM.Web", "EM.Web\EM.Web.csproj", "{AC4698DC-33CB-4242-AFAD-6C1F0E4EF4EA}"
EndProject
Project("{2150E333-8FDC-42A3-9474-1A3956D46DE8}") = "Tools", "Tools", "{FB4C8BB5-1A4C-4C09-B22A-BF224B594A8B}"
EndProject
Project("{FAE04EC0-301F-11D3-BF4B-00C04F79EFBC}") = "EM.Utils", "EM.Utils\EM.Utils.csproj", "{CA1D21BD-AA64-4045-8EF1-1791220BF0A0}"
EndProject
Project("{FAE04EC0-301F-11D3-BF4B-00C04F79EFBC}") = "EM.EmailService", "EM.EmailService\EM.EmailService.csproj", "{79E2D704-4547-4986-8202-36F7DE920C4A}"
EndProject
Project("{FAE04EC0-301F-11D3-BF4B-00C04F79EFBC}") = "EM.SendEmail", "EM.SendEmail\EM.SendEmail.csproj", "{FE8D95AD-4B4F-4A00-BD87-DC58FFB9C1DF}"
EndProject
Project("{2150E333-8FDC-42A3-9474-1A3956D46DE8}") = "EM.BLL", "EM.BLL", "{09334F75-2F14-4407-AC3B-155564CE51DA}"
EndProject
Project("{FAE04EC0-301F-11D3-BF4B-00C04F79EFBC}") = "EM.Business", "EM.Business\EM.Business.csproj", "{73AEEB16-0F4F-4700-91D1-EE18FC8F213E}"
EndProject
Project("{2150E333-8FDC-42A3-9474-1A3956D46DE8}") = "Service", "Service", "{A426AA6E-62E3-4BAE-B16A-8E53E9490CFA}"
EndProject
Project("{FAE04EC0-301F-11D3-BF4B-00C04F79EFBC}") = "EM.ServiceRunner", "EM.ServiceRunner\EM.ServiceRunner.csproj", "{A4F49EDA-0032-430B-86C1-AFC245E8AEF1}"
EndProject
Global
	GlobalSection(SolutionConfigurationPlatforms) = preSolution
		Debug|Any CPU = Debug|Any CPU
		Release|Any CPU = Release|Any CPU
		Test|Any CPU = Test|Any CPU
	EndGlobalSection
	GlobalSection(ProjectConfigurationPlatforms) = postSolution
		{7F7B1A38-F0ED-4F4F-8EA2-BD34A760F5F3}.Debug|Any CPU.ActiveCfg = Debug|Any CPU
		{7F7B1A38-F0ED-4F4F-8EA2-BD34A760F5F3}.Debug|Any CPU.Build.0 = Debug|Any CPU
		{7F7B1A38-F0ED-4F4F-8EA2-BD34A760F5F3}.Release|Any CPU.ActiveCfg = Release|Any CPU
		{7F7B1A38-F0ED-4F4F-8EA2-BD34A760F5F3}.Release|Any CPU.Build.0 = Release|Any CPU
		{7F7B1A38-F0ED-4F4F-8EA2-BD34A760F5F3}.Test|Any CPU.ActiveCfg = Release|Any CPU
		{7F7B1A38-F0ED-4F4F-8EA2-BD34A760F5F3}.Test|Any CPU.Build.0 = Release|Any CPU
		{5F19CEDF-FE95-473D-9206-F7AD64537AFA}.Debug|Any CPU.ActiveCfg = Debug|Any CPU
		{5F19CEDF-FE95-473D-9206-F7AD64537AFA}.Debug|Any CPU.Build.0 = Debug|Any CPU
		{5F19CEDF-FE95-473D-9206-F7AD64537AFA}.Release|Any CPU.ActiveCfg = Release|Any CPU
		{5F19CEDF-FE95-473D-9206-F7AD64537AFA}.Release|Any CPU.Build.0 = Release|Any CPU
		{5F19CEDF-FE95-473D-9206-F7AD64537AFA}.Test|Any CPU.ActiveCfg = Release|Any CPU
		{5F19CEDF-FE95-473D-9206-F7AD64537AFA}.Test|Any CPU.Build.0 = Release|Any CPU
		{B3FCB199-48A0-4AAA-8539-548111BD8B43}.Debug|Any CPU.ActiveCfg = Debug|Any CPU
		{B3FCB199-48A0-4AAA-8539-548111BD8B43}.Debug|Any CPU.Build.0 = Debug|Any CPU
		{B3FCB199-48A0-4AAA-8539-548111BD8B43}.Release|Any CPU.ActiveCfg = Release|Any CPU
		{B3FCB199-48A0-4AAA-8539-548111BD8B43}.Release|Any CPU.Build.0 = Release|Any CPU
		{B3FCB199-48A0-4AAA-8539-548111BD8B43}.Test|Any CPU.ActiveCfg = Test|Any CPU
		{B3FCB199-48A0-4AAA-8539-548111BD8B43}.Test|Any CPU.Build.0 = Test|Any CPU
		{832AB184-AC43-4B01-84BF-64BCFDD055F2}.Debug|Any CPU.ActiveCfg = Debug|Any CPU
		{832AB184-AC43-4B01-84BF-64BCFDD055F2}.Debug|Any CPU.Build.0 = Debug|Any CPU
		{832AB184-AC43-4B01-84BF-64BCFDD055F2}.Release|Any CPU.ActiveCfg = Release|Any CPU
		{832AB184-AC43-4B01-84BF-64BCFDD055F2}.Release|Any CPU.Build.0 = Release|Any CPU
		{832AB184-AC43-4B01-84BF-64BCFDD055F2}.Test|Any CPU.ActiveCfg = Test|Any CPU
		{832AB184-AC43-4B01-84BF-64BCFDD055F2}.Test|Any CPU.Build.0 = Test|Any CPU
		{AC4698DC-33CB-4242-AFAD-6C1F0E4EF4EA}.Debug|Any CPU.ActiveCfg = Debug|Any CPU
		{AC4698DC-33CB-4242-AFAD-6C1F0E4EF4EA}.Debug|Any CPU.Build.0 = Debug|Any CPU
		{AC4698DC-33CB-4242-AFAD-6C1F0E4EF4EA}.Release|Any CPU.ActiveCfg = Release|Any CPU
		{AC4698DC-33CB-4242-AFAD-6C1F0E4EF4EA}.Release|Any CPU.Build.0 = Release|Any CPU
		{AC4698DC-33CB-4242-AFAD-6C1F0E4EF4EA}.Test|Any CPU.ActiveCfg = Release|Any CPU
		{AC4698DC-33CB-4242-AFAD-6C1F0E4EF4EA}.Test|Any CPU.Build.0 = Release|Any CPU
		{CA1D21BD-AA64-4045-8EF1-1791220BF0A0}.Debug|Any CPU.ActiveCfg = Debug|Any CPU
		{CA1D21BD-AA64-4045-8EF1-1791220BF0A0}.Debug|Any CPU.Build.0 = Debug|Any CPU
		{CA1D21BD-AA64-4045-8EF1-1791220BF0A0}.Release|Any CPU.ActiveCfg = Release|Any CPU
		{CA1D21BD-AA64-4045-8EF1-1791220BF0A0}.Release|Any CPU.Build.0 = Release|Any CPU
		{CA1D21BD-AA64-4045-8EF1-1791220BF0A0}.Test|Any CPU.ActiveCfg = Release|Any CPU
		{CA1D21BD-AA64-4045-8EF1-1791220BF0A0}.Test|Any CPU.Build.0 = Release|Any CPU
		{79E2D704-4547-4986-8202-36F7DE920C4A}.Debug|Any CPU.ActiveCfg = Debug|Any CPU
		{79E2D704-4547-4986-8202-36F7DE920C4A}.Debug|Any CPU.Build.0 = Debug|Any CPU
		{79E2D704-4547-4986-8202-36F7DE920C4A}.Release|Any CPU.ActiveCfg = Release|Any CPU
		{79E2D704-4547-4986-8202-36F7DE920C4A}.Release|Any CPU.Build.0 = Release|Any CPU
		{79E2D704-4547-4986-8202-36F7DE920C4A}.Test|Any CPU.ActiveCfg = Release|Any CPU
		{79E2D704-4547-4986-8202-36F7DE920C4A}.Test|Any CPU.Build.0 = Release|Any CPU
		{FE8D95AD-4B4F-4A00-BD87-DC58FFB9C1DF}.Debug|Any CPU.ActiveCfg = Debug|Any CPU
		{FE8D95AD-4B4F-4A00-BD87-DC58FFB9C1DF}.Debug|Any CPU.Build.0 = Debug|Any CPU
		{FE8D95AD-4B4F-4A00-BD87-DC58FFB9C1DF}.Release|Any CPU.ActiveCfg = Release|Any CPU
		{FE8D95AD-4B4F-4A00-BD87-DC58FFB9C1DF}.Release|Any CPU.Build.0 = Release|Any CPU
		{FE8D95AD-4B4F-4A00-BD87-DC58FFB9C1DF}.Test|Any CPU.ActiveCfg = Release|Any CPU
		{FE8D95AD-4B4F-4A00-BD87-DC58FFB9C1DF}.Test|Any CPU.Build.0 = Release|Any CPU
		{73AEEB16-0F4F-4700-91D1-EE18FC8F213E}.Debug|Any CPU.ActiveCfg = Debug|Any CPU
		{73AEEB16-0F4F-4700-91D1-EE18FC8F213E}.Debug|Any CPU.Build.0 = Debug|Any CPU
		{73AEEB16-0F4F-4700-91D1-EE18FC8F213E}.Release|Any CPU.ActiveCfg = Release|Any CPU
		{73AEEB16-0F4F-4700-91D1-EE18FC8F213E}.Release|Any CPU.Build.0 = Release|Any CPU
		{73AEEB16-0F4F-4700-91D1-EE18FC8F213E}.Test|Any CPU.ActiveCfg = Release|Any CPU
		{73AEEB16-0F4F-4700-91D1-EE18FC8F213E}.Test|Any CPU.Build.0 = Release|Any CPU
		{A4F49EDA-0032-430B-86C1-AFC245E8AEF1}.Debug|Any CPU.ActiveCfg = Debug|Any CPU
		{A4F49EDA-0032-430B-86C1-AFC245E8AEF1}.Debug|Any CPU.Build.0 = Debug|Any CPU
		{A4F49EDA-0032-430B-86C1-AFC245E8AEF1}.Release|Any CPU.ActiveCfg = Release|Any CPU
		{A4F49EDA-0032-430B-86C1-AFC245E8AEF1}.Release|Any CPU.Build.0 = Release|Any CPU
		{A4F49EDA-0032-430B-86C1-AFC245E8AEF1}.Test|Any CPU.ActiveCfg = Release|Any CPU
		{A4F49EDA-0032-430B-86C1-AFC245E8AEF1}.Test|Any CPU.Build.0 = Release|Any CPU
	EndGlobalSection
	GlobalSection(SolutionProperties) = preSolution
		HideSolutionNode = FALSE
	EndGlobalSection
	GlobalSection(NestedProjects) = preSolution
		{5F19CEDF-FE95-473D-9206-F7AD64537AFA} = {EFA79162-FC82-46EC-85B1-DB34B986F002}
		{AC4698DC-33CB-4242-AFAD-6C1F0E4EF4EA} = {EFA79162-FC82-46EC-85B1-DB34B986F002}
		{FE8D95AD-4B4F-4A00-BD87-DC58FFB9C1DF} = {09334F75-2F14-4407-AC3B-155564CE51DA}
		{73AEEB16-0F4F-4700-91D1-EE18FC8F213E} = {09334F75-2F14-4407-AC3B-155564CE51DA}
		{A4F49EDA-0032-430B-86C1-AFC245E8AEF1} = {A426AA6E-62E3-4BAE-B16A-8E53E9490CFA}
	EndGlobalSection
EndGlobal
